// !$*UTF8*$!
{
	archiveVersion = 1;
	classes = {
	};
	objectVersion = 56;
	objects = {

/* Begin PBXBuildFile section */
		2075D0EE2BD6122100F2DD64 /* AppDelegate.swift in Sources */ = {isa = PBXBuildFile; fileRef = 2075D0ED2BD6122100F2DD64 /* AppDelegate.swift */; };
		2075D0F02BD6122100F2DD64 /* SceneDelegate.swift in Sources */ = {isa = PBXBuildFile; fileRef = 2075D0EF2BD6122100F2DD64 /* SceneDelegate.swift */; };
		2075D0F22BD6122100F2DD64 /* ViewController.swift in Sources */ = {isa = PBXBuildFile; fileRef = 2075D0F12BD6122100F2DD64 /* ViewController.swift */; };
		2075D0F52BD6122100F2DD64 /* Base in Resources */ = {isa = PBXBuildFile; fileRef = 2075D0F42BD6122100F2DD64 /* Base */; };
		2075D0F82BD6122100F2DD64 /* CheckMate.xcdatamodeld in Sources */ = {isa = PBXBuildFile; fileRef = 2075D0F62BD6122100F2DD64 /* CheckMate.xcdatamodeld */; };
		2075D0FA2BD6122300F2DD64 /* Assets.xcassets in Resources */ = {isa = PBXBuildFile; fileRef = 2075D0F92BD6122300F2DD64 /* Assets.xcassets */; };
		2075D0FD2BD6122300F2DD64 /* Base in Resources */ = {isa = PBXBuildFile; fileRef = 2075D0FC2BD6122300F2DD64 /* Base */; };
		2075D1082BD6122400F2DD64 /* CheckMateTests.swift in Sources */ = {isa = PBXBuildFile; fileRef = 2075D1072BD6122400F2DD64 /* CheckMateTests.swift */; };
		2075D1122BD6122400F2DD64 /* CheckMateUITests.swift in Sources */ = {isa = PBXBuildFile; fileRef = 2075D1112BD6122400F2DD64 /* CheckMateUITests.swift */; };
		2075D1142BD6122400F2DD64 /* CheckMateUITestsLaunchTests.swift in Sources */ = {isa = PBXBuildFile; fileRef = 2075D1132BD6122400F2DD64 /* CheckMateUITestsLaunchTests.swift */; };
		2075D1212BD6440800F2DD64 /* LoginViewController.swift in Sources */ = {isa = PBXBuildFile; fileRef = 2075D1202BD6440800F2DD64 /* LoginViewController.swift */; };
		2075D1232BD6475800F2DD64 /* CreateAccountViewController.swift in Sources */ = {isa = PBXBuildFile; fileRef = 2075D1222BD6475800F2DD64 /* CreateAccountViewController.swift */; };
		2075D1272BD64A3600F2DD64 /* GoogleService-Info.plist in Resources */ = {isa = PBXBuildFile; fileRef = 2075D1262BD64A3600F2DD64 /* GoogleService-Info.plist */; };
		2075D12A2BD64D5000F2DD64 /* FirebaseAnalytics in Frameworks */ = {isa = PBXBuildFile; productRef = 2075D1292BD64D5000F2DD64 /* FirebaseAnalytics */; };
		2075D12C2BD64D5000F2DD64 /* FirebaseAuth in Frameworks */ = {isa = PBXBuildFile; productRef = 2075D12B2BD64D5000F2DD64 /* FirebaseAuth */; };
/* End PBXBuildFile section */

/* Begin PBXContainerItemProxy section */
		2075D1042BD6122400F2DD64 /* PBXContainerItemProxy */ = {
			isa = PBXContainerItemProxy;
			containerPortal = 2075D0E22BD6122100F2DD64 /* Project object */;
			proxyType = 1;
			remoteGlobalIDString = 2075D0E92BD6122100F2DD64;
			remoteInfo = CheckMate;
		};
		2075D10E2BD6122400F2DD64 /* PBXContainerItemProxy */ = {
			isa = PBXContainerItemProxy;
			containerPortal = 2075D0E22BD6122100F2DD64 /* Project object */;
			proxyType = 1;
			remoteGlobalIDString = 2075D0E92BD6122100F2DD64;
			remoteInfo = CheckMate;
		};
/* End PBXContainerItemProxy section */

/* Begin PBXFileReference section */
		2075D0EA2BD6122100F2DD64 /* CheckMate.app */ = {isa = PBXFileReference; explicitFileType = wrapper.application; includeInIndex = 0; path = CheckMate.app; sourceTree = BUILT_PRODUCTS_DIR; };
		2075D0ED2BD6122100F2DD64 /* AppDelegate.swift */ = {isa = PBXFileReference; lastKnownFileType = sourcecode.swift; path = AppDelegate.swift; sourceTree = "<group>"; };
		2075D0EF2BD6122100F2DD64 /* SceneDelegate.swift */ = {isa = PBXFileReference; lastKnownFileType = sourcecode.swift; path = SceneDelegate.swift; sourceTree = "<group>"; };
		2075D0F12BD6122100F2DD64 /* ViewController.swift */ = {isa = PBXFileReference; lastKnownFileType = sourcecode.swift; path = ViewController.swift; sourceTree = "<group>"; };
		2075D0F42BD6122100F2DD64 /* Base */ = {isa = PBXFileReference; lastKnownFileType = file.storyboard; name = Base; path = Base.lproj/Main.storyboard; sourceTree = "<group>"; };
		2075D0F72BD6122100F2DD64 /* CheckMate.xcdatamodel */ = {isa = PBXFileReference; lastKnownFileType = wrapper.xcdatamodel; path = CheckMate.xcdatamodel; sourceTree = "<group>"; };
		2075D0F92BD6122300F2DD64 /* Assets.xcassets */ = {isa = PBXFileReference; lastKnownFileType = folder.assetcatalog; path = Assets.xcassets; sourceTree = "<group>"; };
		2075D0FC2BD6122300F2DD64 /* Base */ = {isa = PBXFileReference; lastKnownFileType = file.storyboard; name = Base; path = Base.lproj/LaunchScreen.storyboard; sourceTree = "<group>"; };
		2075D0FE2BD6122300F2DD64 /* Info.plist */ = {isa = PBXFileReference; lastKnownFileType = text.plist.xml; path = Info.plist; sourceTree = "<group>"; };
		2075D1032BD6122400F2DD64 /* CheckMateTests.xctest */ = {isa = PBXFileReference; explicitFileType = wrapper.cfbundle; includeInIndex = 0; path = CheckMateTests.xctest; sourceTree = BUILT_PRODUCTS_DIR; };
		2075D1072BD6122400F2DD64 /* CheckMateTests.swift */ = {isa = PBXFileReference; lastKnownFileType = sourcecode.swift; path = CheckMateTests.swift; sourceTree = "<group>"; };
		2075D10D2BD6122400F2DD64 /* CheckMateUITests.xctest */ = {isa = PBXFileReference; explicitFileType = wrapper.cfbundle; includeInIndex = 0; path = CheckMateUITests.xctest; sourceTree = BUILT_PRODUCTS_DIR; };
		2075D1112BD6122400F2DD64 /* CheckMateUITests.swift */ = {isa = PBXFileReference; lastKnownFileType = sourcecode.swift; path = CheckMateUITests.swift; sourceTree = "<group>"; };
		2075D1132BD6122400F2DD64 /* CheckMateUITestsLaunchTests.swift */ = {isa = PBXFileReference; lastKnownFileType = sourcecode.swift; path = CheckMateUITestsLaunchTests.swift; sourceTree = "<group>"; };
		2075D1202BD6440800F2DD64 /* LoginViewController.swift */ = {isa = PBXFileReference; lastKnownFileType = sourcecode.swift; path = LoginViewController.swift; sourceTree = "<group>"; };
		2075D1222BD6475800F2DD64 /* CreateAccountViewController.swift */ = {isa = PBXFileReference; lastKnownFileType = sourcecode.swift; path = CreateAccountViewController.swift; sourceTree = "<group>"; };
		2075D1262BD64A3600F2DD64 /* GoogleService-Info.plist */ = {isa = PBXFileReference; fileEncoding = 4; lastKnownFileType = text.plist.xml; path = "GoogleService-Info.plist"; sourceTree = "<group>"; };
/* End PBXFileReference section */

/* Begin PBXFrameworksBuildPhase section */
		2075D0E72BD6122100F2DD64 /* Frameworks */ = {
			isa = PBXFrameworksBuildPhase;
			buildActionMask = 2147483647;
			files = (
				2075D12A2BD64D5000F2DD64 /* FirebaseAnalytics in Frameworks */,
				2075D12C2BD64D5000F2DD64 /* FirebaseAuth in Frameworks */,
			);
			runOnlyForDeploymentPostprocessing = 0;
		};
		2075D1002BD6122400F2DD64 /* Frameworks */ = {
			isa = PBXFrameworksBuildPhase;
			buildActionMask = 2147483647;
			files = (
			);
			runOnlyForDeploymentPostprocessing = 0;
		};
		2075D10A2BD6122400F2DD64 /* Frameworks */ = {
			isa = PBXFrameworksBuildPhase;
			buildActionMask = 2147483647;
			files = (
			);
			runOnlyForDeploymentPostprocessing = 0;
		};
/* End PBXFrameworksBuildPhase section */

/* Begin PBXGroup section */
		2075D0E12BD6122100F2DD64 = {
			isa = PBXGroup;
			children = (
				2075D0EC2BD6122100F2DD64 /* CheckMate */,
				2075D1062BD6122400F2DD64 /* CheckMateTests */,
				2075D1102BD6122400F2DD64 /* CheckMateUITests */,
				2075D0EB2BD6122100F2DD64 /* Products */,
			);
			sourceTree = "<group>";
		};
		2075D0EB2BD6122100F2DD64 /* Products */ = {
			isa = PBXGroup;
			children = (
				2075D0EA2BD6122100F2DD64 /* CheckMate.app */,
				2075D1032BD6122400F2DD64 /* CheckMateTests.xctest */,
				2075D10D2BD6122400F2DD64 /* CheckMateUITests.xctest */,
			);
			name = Products;
			sourceTree = "<group>";
		};
		2075D0EC2BD6122100F2DD64 /* CheckMate */ = {
			isa = PBXGroup;
			children = (
				2075D0ED2BD6122100F2DD64 /* AppDelegate.swift */,
				2075D0EF2BD6122100F2DD64 /* SceneDelegate.swift */,
				2075D0F12BD6122100F2DD64 /* ViewController.swift */,
				2075D0F32BD6122100F2DD64 /* Main.storyboard */,
				2075D1222BD6475800F2DD64 /* CreateAccountViewController.swift */,
				2075D1202BD6440800F2DD64 /* LoginViewController.swift */,
				2075D0F92BD6122300F2DD64 /* Assets.xcassets */,
				2075D0FB2BD6122300F2DD64 /* LaunchScreen.storyboard */,
				2075D0FE2BD6122300F2DD64 /* Info.plist */,
				2075D0F62BD6122100F2DD64 /* CheckMate.xcdatamodeld */,
				2075D1262BD64A3600F2DD64 /* GoogleService-Info.plist */,
			);
			path = CheckMate;
			sourceTree = "<group>";
		};
		2075D1062BD6122400F2DD64 /* CheckMateTests */ = {
			isa = PBXGroup;
			children = (
				2075D1072BD6122400F2DD64 /* CheckMateTests.swift */,
			);
			path = CheckMateTests;
			sourceTree = "<group>";
		};
		2075D1102BD6122400F2DD64 /* CheckMateUITests */ = {
			isa = PBXGroup;
			children = (
				2075D1112BD6122400F2DD64 /* CheckMateUITests.swift */,
				2075D1132BD6122400F2DD64 /* CheckMateUITestsLaunchTests.swift */,
			);
			path = CheckMateUITests;
			sourceTree = "<group>";
		};
/* End PBXGroup section */

/* Begin PBXNativeTarget section */
		2075D0E92BD6122100F2DD64 /* CheckMate */ = {
			isa = PBXNativeTarget;
			buildConfigurationList = 2075D1172BD6122400F2DD64 /* Build configuration list for PBXNativeTarget "CheckMate" */;
			buildPhases = (
				2075D0E62BD6122100F2DD64 /* Sources */,
				2075D0E72BD6122100F2DD64 /* Frameworks */,
				2075D0E82BD6122100F2DD64 /* Resources */,
			);
			buildRules = (
			);
			dependencies = (
			);
			name = CheckMate;
			packageProductDependencies = (
				2075D1292BD64D5000F2DD64 /* FirebaseAnalytics */,
				2075D12B2BD64D5000F2DD64 /* FirebaseAuth */,
			);
			productName = CheckMate;
			productReference = 2075D0EA2BD6122100F2DD64 /* CheckMate.app */;
			productType = "com.apple.product-type.application";
		};
		2075D1022BD6122400F2DD64 /* CheckMateTests */ = {
			isa = PBXNativeTarget;
			buildConfigurationList = 2075D11A2BD6122400F2DD64 /* Build configuration list for PBXNativeTarget "CheckMateTests" */;
			buildPhases = (
				2075D0FF2BD6122400F2DD64 /* Sources */,
				2075D1002BD6122400F2DD64 /* Frameworks */,
				2075D1012BD6122400F2DD64 /* Resources */,
			);
			buildRules = (
			);
			dependencies = (
				2075D1052BD6122400F2DD64 /* PBXTargetDependency */,
			);
			name = CheckMateTests;
			productName = CheckMateTests;
			productReference = 2075D1032BD6122400F2DD64 /* CheckMateTests.xctest */;
			productType = "com.apple.product-type.bundle.unit-test";
		};
		2075D10C2BD6122400F2DD64 /* CheckMateUITests */ = {
			isa = PBXNativeTarget;
			buildConfigurationList = 2075D11D2BD6122400F2DD64 /* Build configuration list for PBXNativeTarget "CheckMateUITests" */;
			buildPhases = (
				2075D1092BD6122400F2DD64 /* Sources */,
				2075D10A2BD6122400F2DD64 /* Frameworks */,
				2075D10B2BD6122400F2DD64 /* Resources */,
			);
			buildRules = (
			);
			dependencies = (
				2075D10F2BD6122400F2DD64 /* PBXTargetDependency */,
			);
			name = CheckMateUITests;
			productName = CheckMateUITests;
			productReference = 2075D10D2BD6122400F2DD64 /* CheckMateUITests.xctest */;
			productType = "com.apple.product-type.bundle.ui-testing";
		};
/* End PBXNativeTarget section */

/* Begin PBXProject section */
		2075D0E22BD6122100F2DD64 /* Project object */ = {
			isa = PBXProject;
			attributes = {
				BuildIndependentTargetsInParallel = 1;
				LastSwiftUpdateCheck = 1530;
				LastUpgradeCheck = 1530;
				TargetAttributes = {
					2075D0E92BD6122100F2DD64 = {
						CreatedOnToolsVersion = 15.3;
					};
					2075D1022BD6122400F2DD64 = {
						CreatedOnToolsVersion = 15.3;
						TestTargetID = 2075D0E92BD6122100F2DD64;
					};
					2075D10C2BD6122400F2DD64 = {
						CreatedOnToolsVersion = 15.3;
						TestTargetID = 2075D0E92BD6122100F2DD64;
					};
				};
			};
			buildConfigurationList = 2075D0E52BD6122100F2DD64 /* Build configuration list for PBXProject "CheckMate" */;
			compatibilityVersion = "Xcode 14.0";
			developmentRegion = en;
			hasScannedForEncodings = 0;
			knownRegions = (
				en,
				Base,
			);
			mainGroup = 2075D0E12BD6122100F2DD64;
			packageReferences = (
				2075D1282BD64D5000F2DD64 /* XCRemoteSwiftPackageReference "firebase-ios-sdk" */,
			);
			productRefGroup = 2075D0EB2BD6122100F2DD64 /* Products */;
			projectDirPath = "";
			projectRoot = "";
			targets = (
				2075D0E92BD6122100F2DD64 /* CheckMate */,
				2075D1022BD6122400F2DD64 /* CheckMateTests */,
				2075D10C2BD6122400F2DD64 /* CheckMateUITests */,
			);
		};
/* End PBXProject section */

/* Begin PBXResourcesBuildPhase section */
		2075D0E82BD6122100F2DD64 /* Resources */ = {
			isa = PBXResourcesBuildPhase;
			buildActionMask = 2147483647;
			files = (
				2075D0FA2BD6122300F2DD64 /* Assets.xcassets in Resources */,
				2075D1272BD64A3600F2DD64 /* GoogleService-Info.plist in Resources */,
				2075D0FD2BD6122300F2DD64 /* Base in Resources */,
				2075D0F52BD6122100F2DD64 /* Base in Resources */,
			);
			runOnlyForDeploymentPostprocessing = 0;
		};
		2075D1012BD6122400F2DD64 /* Resources */ = {
			isa = PBXResourcesBuildPhase;
			buildActionMask = 2147483647;
			files = (
			);
			runOnlyForDeploymentPostprocessing = 0;
		};
		2075D10B2BD6122400F2DD64 /* Resources */ = {
			isa = PBXResourcesBuildPhase;
			buildActionMask = 2147483647;
			files = (
			);
			runOnlyForDeploymentPostprocessing = 0;
		};
/* End PBXResourcesBuildPhase section */

/* Begin PBXSourcesBuildPhase section */
		2075D0E62BD6122100F2DD64 /* Sources */ = {
			isa = PBXSourcesBuildPhase;
			buildActionMask = 2147483647;
			files = (
				2075D1232BD6475800F2DD64 /* CreateAccountViewController.swift in Sources */,
				2075D0F22BD6122100F2DD64 /* ViewController.swift in Sources */,
				2075D0EE2BD6122100F2DD64 /* AppDelegate.swift in Sources */,
				2075D0F02BD6122100F2DD64 /* SceneDelegate.swift in Sources */,
				2075D1212BD6440800F2DD64 /* LoginViewController.swift in Sources */,
				2075D0F82BD6122100F2DD64 /* CheckMate.xcdatamodeld in Sources */,
			);
			runOnlyForDeploymentPostprocessing = 0;
		};
		2075D0FF2BD6122400F2DD64 /* Sources */ = {
			isa = PBXSourcesBuildPhase;
			buildActionMask = 2147483647;
			files = (
				2075D1082BD6122400F2DD64 /* CheckMateTests.swift in Sources */,
			);
			runOnlyForDeploymentPostprocessing = 0;
		};
		2075D1092BD6122400F2DD64 /* Sources */ = {
			isa = PBXSourcesBuildPhase;
			buildActionMask = 2147483647;
			files = (
				2075D1142BD6122400F2DD64 /* CheckMateUITestsLaunchTests.swift in Sources */,
				2075D1122BD6122400F2DD64 /* CheckMateUITests.swift in Sources */,
			);
			runOnlyForDeploymentPostprocessing = 0;
		};
/* End PBXSourcesBuildPhase section */

/* Begin PBXTargetDependency section */
		2075D1052BD6122400F2DD64 /* PBXTargetDependency */ = {
			isa = PBXTargetDependency;
			target = 2075D0E92BD6122100F2DD64 /* CheckMate */;
			targetProxy = 2075D1042BD6122400F2DD64 /* PBXContainerItemProxy */;
		};
		2075D10F2BD6122400F2DD64 /* PBXTargetDependency */ = {
			isa = PBXTargetDependency;
			target = 2075D0E92BD6122100F2DD64 /* CheckMate */;
			targetProxy = 2075D10E2BD6122400F2DD64 /* PBXContainerItemProxy */;
		};
/* End PBXTargetDependency section */

/* Begin PBXVariantGroup section */
		2075D0F32BD6122100F2DD64 /* Main.storyboard */ = {
			isa = PBXVariantGroup;
			children = (
				2075D0F42BD6122100F2DD64 /* Base */,
			);
			name = Main.storyboard;
			sourceTree = "<group>";
		};
		2075D0FB2BD6122300F2DD64 /* LaunchScreen.storyboard */ = {
			isa = PBXVariantGroup;
			children = (
				2075D0FC2BD6122300F2DD64 /* Base */,
			);
			name = LaunchScreen.storyboard;
			sourceTree = "<group>";
		};
/* End PBXVariantGroup section */

/* Begin XCBuildConfiguration section */
		2075D1152BD6122400F2DD64 /* Debug */ = {
			isa = XCBuildConfiguration;
			buildSettings = {
				ALWAYS_SEARCH_USER_PATHS = NO;
				ASSETCATALOG_COMPILER_GENERATE_SWIFT_ASSET_SYMBOL_EXTENSIONS = YES;
				CLANG_ANALYZER_NONNULL = YES;
				CLANG_ANALYZER_NUMBER_OBJECT_CONVERSION = YES_AGGRESSIVE;
				CLANG_CXX_LANGUAGE_STANDARD = "gnu++20";
				CLANG_ENABLE_MODULES = YES;
				CLANG_ENABLE_OBJC_ARC = YES;
				CLANG_ENABLE_OBJC_WEAK = YES;
				CLANG_WARN_BLOCK_CAPTURE_AUTORELEASING = YES;
				CLANG_WARN_BOOL_CONVERSION = YES;
				CLANG_WARN_COMMA = YES;
				CLANG_WARN_CONSTANT_CONVERSION = YES;
				CLANG_WARN_DEPRECATED_OBJC_IMPLEMENTATIONS = YES;
				CLANG_WARN_DIRECT_OBJC_ISA_USAGE = YES_ERROR;
				CLANG_WARN_DOCUMENTATION_COMMENTS = YES;
				CLANG_WARN_EMPTY_BODY = YES;
				CLANG_WARN_ENUM_CONVERSION = YES;
				CLANG_WARN_INFINITE_RECURSION = YES;
				CLANG_WARN_INT_CONVERSION = YES;
				CLANG_WARN_NON_LITERAL_NULL_CONVERSION = YES;
				CLANG_WARN_OBJC_IMPLICIT_RETAIN_SELF = YES;
				CLANG_WARN_OBJC_LITERAL_CONVERSION = YES;
				CLANG_WARN_OBJC_ROOT_CLASS = YES_ERROR;
				CLANG_WARN_QUOTED_INCLUDE_IN_FRAMEWORK_HEADER = YES;
				CLANG_WARN_RANGE_LOOP_ANALYSIS = YES;
				CLANG_WARN_STRICT_PROTOTYPES = YES;
				CLANG_WARN_SUSPICIOUS_MOVE = YES;
				CLANG_WARN_UNGUARDED_AVAILABILITY = YES_AGGRESSIVE;
				CLANG_WARN_UNREACHABLE_CODE = YES;
				CLANG_WARN__DUPLICATE_METHOD_MATCH = YES;
				COPY_PHASE_STRIP = NO;
				DEBUG_INFORMATION_FORMAT = dwarf;
				ENABLE_STRICT_OBJC_MSGSEND = YES;
				ENABLE_TESTABILITY = YES;
				ENABLE_USER_SCRIPT_SANDBOXING = YES;
				GCC_C_LANGUAGE_STANDARD = gnu17;
				GCC_DYNAMIC_NO_PIC = NO;
				GCC_NO_COMMON_BLOCKS = YES;
				GCC_OPTIMIZATION_LEVEL = 0;
				GCC_PREPROCESSOR_DEFINITIONS = (
					"DEBUG=1",
					"$(inherited)",
				);
				GCC_WARN_64_TO_32_BIT_CONVERSION = YES;
				GCC_WARN_ABOUT_RETURN_TYPE = YES_ERROR;
				GCC_WARN_UNDECLARED_SELECTOR = YES;
				GCC_WARN_UNINITIALIZED_AUTOS = YES_AGGRESSIVE;
				GCC_WARN_UNUSED_FUNCTION = YES;
				GCC_WARN_UNUSED_VARIABLE = YES;
				IPHONEOS_DEPLOYMENT_TARGET = 17.4;
				LOCALIZATION_PREFERS_STRING_CATALOGS = YES;
				MTL_ENABLE_DEBUG_INFO = INCLUDE_SOURCE;
				MTL_FAST_MATH = YES;
				ONLY_ACTIVE_ARCH = YES;
				SDKROOT = iphoneos;
				SWIFT_ACTIVE_COMPILATION_CONDITIONS = "DEBUG $(inherited)";
				SWIFT_OPTIMIZATION_LEVEL = "-Onone";
			};
			name = Debug;
		};
		2075D1162BD6122400F2DD64 /* Release */ = {
			isa = XCBuildConfiguration;
			buildSettings = {
				ALWAYS_SEARCH_USER_PATHS = NO;
				ASSETCATALOG_COMPILER_GENERATE_SWIFT_ASSET_SYMBOL_EXTENSIONS = YES;
				CLANG_ANALYZER_NONNULL = YES;
				CLANG_ANALYZER_NUMBER_OBJECT_CONVERSION = YES_AGGRESSIVE;
				CLANG_CXX_LANGUAGE_STANDARD = "gnu++20";
				CLANG_ENABLE_MODULES = YES;
				CLANG_ENABLE_OBJC_ARC = YES;
				CLANG_ENABLE_OBJC_WEAK = YES;
				CLANG_WARN_BLOCK_CAPTURE_AUTORELEASING = YES;
				CLANG_WARN_BOOL_CONVERSION = YES;
				CLANG_WARN_COMMA = YES;
				CLANG_WARN_CONSTANT_CONVERSION = YES;
				CLANG_WARN_DEPRECATED_OBJC_IMPLEMENTATIONS = YES;
				CLANG_WARN_DIRECT_OBJC_ISA_USAGE = YES_ERROR;
				CLANG_WARN_DOCUMENTATION_COMMENTS = YES;
				CLANG_WARN_EMPTY_BODY = YES;
				CLANG_WARN_ENUM_CONVERSION = YES;
				CLANG_WARN_INFINITE_RECURSION = YES;
				CLANG_WARN_INT_CONVERSION = YES;
				CLANG_WARN_NON_LITERAL_NULL_CONVERSION = YES;
				CLANG_WARN_OBJC_IMPLICIT_RETAIN_SELF = YES;
				CLANG_WARN_OBJC_LITERAL_CONVERSION = YES;
				CLANG_WARN_OBJC_ROOT_CLASS = YES_ERROR;
				CLANG_WARN_QUOTED_INCLUDE_IN_FRAMEWORK_HEADER = YES;
				CLANG_WARN_RANGE_LOOP_ANALYSIS = YES;
				CLANG_WARN_STRICT_PROTOTYPES = YES;
				CLANG_WARN_SUSPICIOUS_MOVE = YES;
				CLANG_WARN_UNGUARDED_AVAILABILITY = YES_AGGRESSIVE;
				CLANG_WARN_UNREACHABLE_CODE = YES;
				CLANG_WARN__DUPLICATE_METHOD_MATCH = YES;
				COPY_PHASE_STRIP = NO;
				DEBUG_INFORMATION_FORMAT = "dwarf-with-dsym";
				ENABLE_NS_ASSERTIONS = NO;
				ENABLE_STRICT_OBJC_MSGSEND = YES;
				ENABLE_USER_SCRIPT_SANDBOXING = YES;
				GCC_C_LANGUAGE_STANDARD = gnu17;
				GCC_NO_COMMON_BLOCKS = YES;
				GCC_WARN_64_TO_32_BIT_CONVERSION = YES;
				GCC_WARN_ABOUT_RETURN_TYPE = YES_ERROR;
				GCC_WARN_UNDECLARED_SELECTOR = YES;
				GCC_WARN_UNINITIALIZED_AUTOS = YES_AGGRESSIVE;
				GCC_WARN_UNUSED_FUNCTION = YES;
				GCC_WARN_UNUSED_VARIABLE = YES;
				IPHONEOS_DEPLOYMENT_TARGET = 17.4;
				LOCALIZATION_PREFERS_STRING_CATALOGS = YES;
				MTL_ENABLE_DEBUG_INFO = NO;
				MTL_FAST_MATH = YES;
				SDKROOT = iphoneos;
				SWIFT_COMPILATION_MODE = wholemodule;
				VALIDATE_PRODUCT = YES;
			};
			name = Release;
		};
		2075D1182BD6122400F2DD64 /* Debug */ = {
			isa = XCBuildConfiguration;
			buildSettings = {
				ASSETCATALOG_COMPILER_APPICON_NAME = AppIcon;
				ASSETCATALOG_COMPILER_GLOBAL_ACCENT_COLOR_NAME = AccentColor;
				CODE_SIGN_STYLE = Automatic;
				CURRENT_PROJECT_VERSION = 1;
				DEVELOPMENT_TEAM = NJSGMP83TM;
				GENERATE_INFOPLIST_FILE = YES;
				INFOPLIST_FILE = CheckMate/Info.plist;
				INFOPLIST_KEY_UIApplicationSupportsIndirectInputEvents = YES;
				INFOPLIST_KEY_UILaunchStoryboardName = LaunchScreen;
				INFOPLIST_KEY_UIMainStoryboardFile = Main;
				INFOPLIST_KEY_UISupportedInterfaceOrientations_iPad = "UIInterfaceOrientationPortrait UIInterfaceOrientationPortraitUpsideDown UIInterfaceOrientationLandscapeLeft UIInterfaceOrientationLandscapeRight";
				INFOPLIST_KEY_UISupportedInterfaceOrientations_iPhone = "UIInterfaceOrientationPortrait UIInterfaceOrientationLandscapeLeft UIInterfaceOrientationLandscapeRight";
				LD_RUNPATH_SEARCH_PATHS = (
					"$(inherited)",
					"@executable_path/Frameworks",
				);
				MARKETING_VERSION = 1.0;
				PRODUCT_BUNDLE_IDENTIFIER = com.devconapps.CheckMate;
				PRODUCT_NAME = "$(TARGET_NAME)";
				SWIFT_EMIT_LOC_STRINGS = YES;
				SWIFT_VERSION = 5.0;
				TARGETED_DEVICE_FAMILY = "1,2";
			};
			name = Debug;
		};
		2075D1192BD6122400F2DD64 /* Release */ = {
			isa = XCBuildConfiguration;
			buildSettings = {
				ASSETCATALOG_COMPILER_APPICON_NAME = AppIcon;
				ASSETCATALOG_COMPILER_GLOBAL_ACCENT_COLOR_NAME = AccentColor;
				CODE_SIGN_STYLE = Automatic;
				CURRENT_PROJECT_VERSION = 1;
				DEVELOPMENT_TEAM = NJSGMP83TM;
				GENERATE_INFOPLIST_FILE = YES;
				INFOPLIST_FILE = CheckMate/Info.plist;
				INFOPLIST_KEY_UIApplicationSupportsIndirectInputEvents = YES;
				INFOPLIST_KEY_UILaunchStoryboardName = LaunchScreen;
				INFOPLIST_KEY_UIMainStoryboardFile = Main;
				INFOPLIST_KEY_UISupportedInterfaceOrientations_iPad = "UIInterfaceOrientationPortrait UIInterfaceOrientationPortraitUpsideDown UIInterfaceOrientationLandscapeLeft UIInterfaceOrientationLandscapeRight";
				INFOPLIST_KEY_UISupportedInterfaceOrientations_iPhone = "UIInterfaceOrientationPortrait UIInterfaceOrientationLandscapeLeft UIInterfaceOrientationLandscapeRight";
				LD_RUNPATH_SEARCH_PATHS = (
					"$(inherited)",
					"@executable_path/Frameworks",
				);
				MARKETING_VERSION = 1.0;
				PRODUCT_BUNDLE_IDENTIFIER = com.devconapps.CheckMate;
				PRODUCT_NAME = "$(TARGET_NAME)";
				SWIFT_EMIT_LOC_STRINGS = YES;
				SWIFT_VERSION = 5.0;
				TARGETED_DEVICE_FAMILY = "1,2";
			};
			name = Release;
		};
		2075D11B2BD6122400F2DD64 /* Debug */ = {
			isa = XCBuildConfiguration;
			buildSettings = {
				ALWAYS_EMBED_SWIFT_STANDARD_LIBRARIES = YES;
				BUNDLE_LOADER = "$(TEST_HOST)";
				CODE_SIGN_STYLE = Automatic;
				CURRENT_PROJECT_VERSION = 1;
				DEVELOPMENT_TEAM = NJSGMP83TM;
				GENERATE_INFOPLIST_FILE = YES;
				IPHONEOS_DEPLOYMENT_TARGET = 17.4;
				MARKETING_VERSION = 1.0;
				PRODUCT_BUNDLE_IDENTIFIER = com.devconapps.CheckMateTests;
				PRODUCT_NAME = "$(TARGET_NAME)";
				SWIFT_EMIT_LOC_STRINGS = NO;
				SWIFT_VERSION = 5.0;
				TARGETED_DEVICE_FAMILY = "1,2";
				TEST_HOST = "$(BUILT_PRODUCTS_DIR)/CheckMate.app/$(BUNDLE_EXECUTABLE_FOLDER_PATH)/CheckMate";
			};
			name = Debug;
		};
		2075D11C2BD6122400F2DD64 /* Release */ = {
			isa = XCBuildConfiguration;
			buildSettings = {
				ALWAYS_EMBED_SWIFT_STANDARD_LIBRARIES = YES;
				BUNDLE_LOADER = "$(TEST_HOST)";
				CODE_SIGN_STYLE = Automatic;
				CURRENT_PROJECT_VERSION = 1;
				DEVELOPMENT_TEAM = NJSGMP83TM;
				GENERATE_INFOPLIST_FILE = YES;
				IPHONEOS_DEPLOYMENT_TARGET = 17.4;
				MARKETING_VERSION = 1.0;
				PRODUCT_BUNDLE_IDENTIFIER = com.devconapps.CheckMateTests;
				PRODUCT_NAME = "$(TARGET_NAME)";
				SWIFT_EMIT_LOC_STRINGS = NO;
				SWIFT_VERSION = 5.0;
				TARGETED_DEVICE_FAMILY = "1,2";
				TEST_HOST = "$(BUILT_PRODUCTS_DIR)/CheckMate.app/$(BUNDLE_EXECUTABLE_FOLDER_PATH)/CheckMate";
			};
			name = Release;
		};
		2075D11E2BD6122400F2DD64 /* Debug */ = {
			isa = XCBuildConfiguration;
			buildSettings = {
				ALWAYS_EMBED_SWIFT_STANDARD_LIBRARIES = YES;
				CODE_SIGN_STYLE = Automatic;
				CURRENT_PROJECT_VERSION = 1;
				DEVELOPMENT_TEAM = NJSGMP83TM;
				GENERATE_INFOPLIST_FILE = YES;
				MARKETING_VERSION = 1.0;
				PRODUCT_BUNDLE_IDENTIFIER = com.devconapps.CheckMateUITests;
				PRODUCT_NAME = "$(TARGET_NAME)";
				SWIFT_EMIT_LOC_STRINGS = NO;
				SWIFT_VERSION = 5.0;
				TARGETED_DEVICE_FAMILY = "1,2";
				TEST_TARGET_NAME = CheckMate;
			};
			name = Debug;
		};
		2075D11F2BD6122400F2DD64 /* Release */ = {
			isa = XCBuildConfiguration;
			buildSettings = {
				ALWAYS_EMBED_SWIFT_STANDARD_LIBRARIES = YES;
				CODE_SIGN_STYLE = Automatic;
				CURRENT_PROJECT_VERSION = 1;
				DEVELOPMENT_TEAM = NJSGMP83TM;
				GENERATE_INFOPLIST_FILE = YES;
				MARKETING_VERSION = 1.0;
				PRODUCT_BUNDLE_IDENTIFIER = com.devconapps.CheckMateUITests;
				PRODUCT_NAME = "$(TARGET_NAME)";
				SWIFT_EMIT_LOC_STRINGS = NO;
				SWIFT_VERSION = 5.0;
				TARGETED_DEVICE_FAMILY = "1,2";
				TEST_TARGET_NAME = CheckMate;
			};
			name = Release;
		};
/* End XCBuildConfiguration section */

/* Begin XCConfigurationList section */
		2075D0E52BD6122100F2DD64 /* Build configuration list for PBXProject "CheckMate" */ = {
			isa = XCConfigurationList;
			buildConfigurations = (
				2075D1152BD6122400F2DD64 /* Debug */,
				2075D1162BD6122400F2DD64 /* Release */,
			);
			defaultConfigurationIsVisible = 0;
			defaultConfigurationName = Release;
		};
		2075D1172BD6122400F2DD64 /* Build configuration list for PBXNativeTarget "CheckMate" */ = {
			isa = XCConfigurationList;
			buildConfigurations = (
				2075D1182BD6122400F2DD64 /* Debug */,
				2075D1192BD6122400F2DD64 /* Release */,
			);
			defaultConfigurationIsVisible = 0;
			defaultConfigurationName = Release;
		};
		2075D11A2BD6122400F2DD64 /* Build configuration list for PBXNativeTarget "CheckMateTests" */ = {
			isa = XCConfigurationList;
			buildConfigurations = (
				2075D11B2BD6122400F2DD64 /* Debug */,
				2075D11C2BD6122400F2DD64 /* Release */,
			);
			defaultConfigurationIsVisible = 0;
			defaultConfigurationName = Release;
		};
		2075D11D2BD6122400F2DD64 /* Build configuration list for PBXNativeTarget "CheckMateUITests" */ = {
			isa = XCConfigurationList;
			buildConfigurations = (
				2075D11E2BD6122400F2DD64 /* Debug */,
				2075D11F2BD6122400F2DD64 /* Release */,
			);
			defaultConfigurationIsVisible = 0;
			defaultConfigurationName = Release;
		};
/* End XCConfigurationList section */

/* Begin XCRemoteSwiftPackageReference section */
		2075D1282BD64D5000F2DD64 /* XCRemoteSwiftPackageReference "firebase-ios-sdk" */ = {
			isa = XCRemoteSwiftPackageReference;
			repositoryURL = "https://github.com/firebase/firebase-ios-sdk";
			requirement = {
				kind = upToNextMajorVersion;
				minimumVersion = 10.24.0;
			};
		};
/* End XCRemoteSwiftPackageReference section */

/* Begin XCSwiftPackageProductDependency section */
		2075D1292BD64D5000F2DD64 /* FirebaseAnalytics */ = {
			isa = XCSwiftPackageProductDependency;
			package = 2075D1282BD64D5000F2DD64 /* XCRemoteSwiftPackageReference "firebase-ios-sdk" */;
			productName = FirebaseAnalytics;
		};
		2075D12B2BD64D5000F2DD64 /* FirebaseAuth */ = {
			isa = XCSwiftPackageProductDependency;
			package = 2075D1282BD64D5000F2DD64 /* XCRemoteSwiftPackageReference "firebase-ios-sdk" */;
			productName = FirebaseAuth;
		};
/* End XCSwiftPackageProductDependency section */

/* Begin XCVersionGroup section */
		2075D0F62BD6122100F2DD64 /* CheckMate.xcdatamodeld */ = {
			isa = XCVersionGroup;
			children = (
				2075D0F72BD6122100F2DD64 /* CheckMate.xcdatamodel */,
			);
			currentVersion = 2075D0F72BD6122100F2DD64 /* CheckMate.xcdatamodel */;
			path = CheckMate.xcdatamodeld;
			sourceTree = "<group>";
			versionGroupType = wrapper.xcdatamodel;
		};
/* End XCVersionGroup section */
	};
	rootObject = 2075D0E22BD6122100F2DD64 /* Project object */;
}
